GEM
  remote: https://rubygems.org/
  specs:
    abbrev (0.1.2)
    ac-library-rb (1.2.0)
      prime
    backports (3.25.2)
    base64 (0.2.0)
    bigdecimal (3.1.8)
    bit_utils (0.1.2)
      backports (>= 3.6.6)
      function_module (>= 0.1.1)
    bitarray (1.3.1)
    cgi (0.4.2)
    concurrent-ruby (1.3.5)
    csv (3.3.2)
    date (3.4.1)
    debug (1.11.0)
      irb (~> 1.10)
      reline (>= 0.3.8)
    drb (2.2.1)
    erb (4.0.4)
      cgi (>= 0.3.3)
    fast_trie (0.5.1)
    faster_prime (1.0.2)
    ffi (1.17.2-aarch64-linux-gnu)
    ffi (1.17.2-aarch64-linux-musl)
    ffi (1.17.2-arm64-darwin)
    ffi (1.17.2-x86_64-darwin)
    ffi (1.17.2-x86_64-linux-gnu)
    ffi (1.17.2-x86_64-linux-musl)
    ffi-geos (2.5.0)
      ffi (>= 1.0.0)
    forwardable (1.3.3)
    function_module (0.1.1)
    getoptlong (0.2.1)
    immutable-ruby (0.2.0)
      concurrent-ruby (~> 1.1)
      sorted_set (~> 1.0)
    io-console (0.8.1)
    ipaddr (1.2.7)
    irb (1.14.3)
      rdoc (>= 4.0.0)
      reline (>= 0.4.2)
    lbfgsb (0.6.0)
      numo-narray (>= 0.9.1)
    lightgbm (0.4.3)
      ffi
    logger (1.6.4)
    matrix (0.4.2)
    minitest (5.25.4)
    mmh3 (1.2.0)
    mutex_m (0.3.0)
    net-ftp (0.3.8)
      net-protocol
      time
    net-imap (0.5.8)
      date
      net-protocol
    net-pop (0.1.2)
      net-protocol
    net-protocol (0.2.2)
      timeout
    net-smtp (0.5.1)
      net-protocol
    nkf (0.2.0)
    numo-linalg (0.1.7)
      numo-narray (>= 0.9.1.4)
    numo-narray (0.9.2.1)
    numo-openblas (0.5.1)
      numo-linalg (>= 0.1.4)
    observer (0.1.2)
    or-tools (0.16.0)
      rice (>= 4.5.0)
    pairing_heap (3.1.0)
    polars-df (0.21.1-aarch64-linux)
      bigdecimal
    polars-df (0.21.1-aarch64-linux-musl)
      bigdecimal
    polars-df (0.21.1-arm64-darwin)
      bigdecimal
    polars-df (0.21.1-x86_64-darwin)
      bigdecimal
    polars-df (0.21.1-x86_64-linux)
      bigdecimal
    polars-df (0.21.1-x86_64-linux-musl)
      bigdecimal
    power_assert (2.0.5)
    pp (0.6.2)
      prettyprint
    prettyprint (0.2.0)
    prime (0.1.3)
      forwardable
      singleton
    prism (1.2.0)
    psych (5.2.2)
      date
      stringio
    racc (1.8.1)
    rake (13.2.1)
    rbs (3.8.0)
      logger
    rbtree (0.4.6)
    rdoc (6.14.0)
      erb
      psych (>= 4.0.0)
    reline (0.6.0)
      io-console (~> 0.5)
    repl_type_completor (0.1.9)
      prism (~> 1.0)
      rbs (>= 2.7.0, < 4.0.0)
    resolv (0.6.2)
    resolv-replace (0.1.1)
      resolv
    rexml (3.4.0)
    rgl (0.6.6)
      pairing_heap (>= 0.3, < 4.0)
      rexml (~> 3.2, >= 3.2.4)
      stream (~> 0.5.3)
    rice (4.6.1)
    rinda (0.2.0)
      drb
      forwardable
      ipaddr
    rss (0.3.1)
      rexml
    rumale (1.0.0)
      numo-narray (>= 0.9.1)
      rumale-clustering (~> 1.0.0)
      rumale-core (~> 1.0.0)
      rumale-decomposition (~> 1.0.0)
      rumale-ensemble (~> 1.0.0)
      rumale-evaluation_measure (~> 1.0.0)
      rumale-feature_extraction (~> 1.0.0)
      rumale-kernel_approximation (~> 1.0.0)
      rumale-kernel_machine (~> 1.0.0)
      rumale-linear_model (~> 1.0.0)
      rumale-manifold (~> 1.0.0)
      rumale-metric_learning (~> 1.0.0)
      rumale-model_selection (~> 1.0.0)
      rumale-naive_bayes (~> 1.0.0)
      rumale-nearest_neighbors (~> 1.0.0)
      rumale-neural_network (~> 1.0.0)
      rumale-pipeline (~> 1.0.0)
      rumale-preprocessing (~> 1.0.0)
      rumale-tree (~> 1.0.0)
    rumale-clustering (1.0.0)
      numo-narray (>= 0.9.1)
      rumale-core (~> 1.0.0)
    rumale-core (1.0.0)
      csv (>= 3.1.9)
      numo-narray (>= 0.9.1)
    rumale-decomposition (1.0.0)
      numo-narray (>= 0.9.1)
      rumale-core (~> 1.0.0)
    rumale-ensemble (1.0.0)
      numo-narray (>= 0.9.1)
      rumale-core (~> 1.0.0)
      rumale-linear_model (~> 1.0.0)
      rumale-model_selection (~> 1.0.0)
      rumale-preprocessing (~> 1.0.0)
      rumale-tree (~> 1.0.0)
    rumale-evaluation_measure (1.0.0)
      numo-narray (>= 0.9.1)
      rumale-core (~> 1.0.0)
    rumale-feature_extraction (1.0.0)
      mmh3 (~> 1.0)
      numo-narray (>= 0.9.1)
      rumale-core (~> 1.0.0)
    rumale-kernel_approximation (1.0.0)
      numo-narray (>= 0.9.1)
      rumale-core (~> 1.0.0)
    rumale-kernel_machine (1.0.0)
      numo-narray (>= 0.9.1)
      rumale-core (~> 1.0.0)
    rumale-linear_model (1.0.0)
      lbfgsb (>= 0.3.0)
      numo-narray (>= 0.9.1)
      rumale-core (~> 1.0.0)
    rumale-manifold (1.0.0)
      numo-narray (>= 0.9.1)
      rumale-core (~> 1.0.0)
      rumale-decomposition (~> 1.0.0)
    rumale-metric_learning (1.0.0)
      lbfgsb (>= 0.3.0)
      numo-narray (>= 0.9.1)
      rumale-core (~> 1.0.0)
      rumale-decomposition (~> 1.0.0)
    rumale-model_selection (1.0.0)
      numo-narray (>= 0.9.1)
      rumale-core (~> 1.0.0)
      rumale-evaluation_measure (~> 1.0.0)
      rumale-preprocessing (~> 1.0.0)
    rumale-naive_bayes (1.0.0)
      numo-narray (>= 0.9.1)
      rumale-core (~> 1.0.0)
    rumale-nearest_neighbors (1.0.0)
      numo-narray (>= 0.9.1)
      rumale-core (~> 1.0.0)
    rumale-neural_network (1.0.0)
      numo-narray (>= 0.9.1)
      rumale-core (~> 1.0.0)
    rumale-pipeline (1.0.0)
      numo-narray (>= 0.9.1)
      rumale-core (~> 1.0.0)
    rumale-preprocessing (1.0.0)
      numo-narray (>= 0.9.1)
      rumale-core (~> 1.0.0)
    rumale-tree (1.0.0)
      numo-narray (>= 0.9.1)
      rumale-core (~> 1.0.0)
    set (1.1.1)
    singleton (0.3.0)
    sorted_containers (1.1.0)
    sorted_set (1.0.3)
      rbtree
      set (~> 1.0)
    stream (0.5.5)
    stringio (3.1.2)
    syslog (0.2.0)
    test-unit (3.6.7)
      power_assert
    time (0.4.1)
      date
    timeout (0.4.3)
    torch-rb (0.21.0)
      rice (>= 4.5)
    tsort (0.2.0)
    typeprof (0.30.1)
      rbs (>= 3.6.0)
    z3 (0.0.20230311)
      ffi (~> 1.9)

PLATFORMS
  aarch64-linux
  aarch64-linux-gnu
  aarch64-linux-musl
  arm64-darwin
  x86_64-darwin
  x86_64-linux
  x86_64-linux-gnu
  x86_64-linux-musl

DEPENDENCIES
  abbrev (= 0.1.2)
  ac-library-rb (= 1.2.0)
  backports (= 3.25.2)
  base64 (= 0.2.0)
  bigdecimal (= 3.1.8)
  bit_utils (= 0.1.2)
  bitarray (= 1.3.1)
  cgi (= 0.4.2)
  concurrent-ruby (= 1.3.5)
  csv (= 3.3.2)
  date (= 3.4.1)
  debug (= 1.11.0)
  drb (= 2.2.1)
  erb (= 4.0.4)
  fast_trie (= 0.5.1)
  faster_prime (= 1.0.2)
  ffi (= 1.17.2)
  ffi-geos (= 2.5.0)
  forwardable (= 1.3.3)
  function_module (= 0.1.1)
  getoptlong (= 0.2.1)
  immutable-ruby (= 0.2.0)
  io-console (= 0.8.1)
  ipaddr (= 1.2.7)
  irb (= 1.14.3)
  lbfgsb (= 0.6.0)
  lightgbm (= 0.4.3)
  logger (= 1.6.4)
  matrix (= 0.4.2)
  minitest (= 5.25.4)
  mmh3 (= 1.2.0)
  mutex_m (= 0.3.0)
  net-ftp (= 0.3.8)
  net-imap (= 0.5.8)
  net-pop (= 0.1.2)
  net-protocol (= 0.2.2)
  net-smtp (= 0.5.1)
  nkf (= 0.2.0)
  numo-linalg (= 0.1.7)
  numo-narray (= 0.9.2.1)
  numo-openblas (= 0.5.1)
  observer (= 0.1.2)
  or-tools (= 0.16.0)
  pairing_heap (= 3.1.0)
  polars-df (= 0.21.1)
  power_assert (= 2.0.5)
  pp (= 0.6.2)
  prettyprint (= 0.2.0)
  prime (= 0.1.3)
  prism (= 1.2.0)
  psych (= 5.2.2)
  racc (= 1.8.1)
  rake (= 13.2.1)
  rbs (= 3.8.0)
  rbtree (= 0.4.6)
  rdoc (= 6.14.0)
  reline (= 0.6.0)
  repl_type_completor (= 0.1.9)
  resolv (= 0.6.2)
  resolv-replace (= 0.1.1)
  rexml (= 3.4.0)
  rgl (= 0.6.6)
  rice (= 4.6.1)
  rinda (= 0.2.0)
  rss (= 0.3.1)
  rumale (= 1.0.0)
  set (= 1.1.1)
  singleton (= 0.3.0)
  sorted_containers (= 1.1.0)
  sorted_set (= 1.0.3)
  stream (= 0.5.5)
  stringio (= 3.1.2)
  syslog (= 0.2.0)
  test-unit (= 3.6.7)
  time (= 0.4.1)
  timeout (= 0.4.3)
  torch-rb (= 0.21.0)
  tsort (= 0.2.0)
  typeprof (= 0.30.1)
  z3 (= 0.0.20230311)

CHECKSUMS
  abbrev (0.1.2) sha256=ad1b4eaaaed4cb722d5684d63949e4bde1d34f2a95e20db93aecfe7cbac74242
  ac-library-rb (1.2.0) sha256=8923d7daffaf92e623a2552e10ca0bb401b51790e078a676602fc7d1fbb3d8b3
  backports (3.25.2) sha256=4852613b0336f950a811b545a447ac273823578bb7bd1d3126a6ff9d5f840ff7
  base64 (0.2.0) sha256=0f25e9b21a02a0cc0cea8ef92b2041035d39350946e8789c562b2d1a3da01507
  bigdecimal (3.1.8) sha256=a89467ed5a44f8ae01824af49cbc575871fa078332e8f77ea425725c1ffe27be
  bit_utils (0.1.2) sha256=9a9693b982025fd163b81f07cb1b4fa09e5203cbd654891b6877a35af6872272
  bitarray (1.3.1) sha256=6ec714933c4a6100b31dcb49a68135a0409524a1834c9d614b0bd929e3da0743
  cgi (0.4.2) sha256=a3cb190d46a820ca01a3e28bd5b64e67003ff99d7884b70512448566f35347e6
  concurrent-ruby (1.3.5) sha256=813b3e37aca6df2a21a3b9f1d497f8cbab24a2b94cab325bffe65ee0f6cbebc6
  csv (3.3.2) sha256=6ff0c135e65e485d1864dde6c1703b60d34cc9e19bed8452834a0b28a519bd4e
  date (3.4.1) sha256=bf268e14ef7158009bfeaec40b5fa3c7271906e88b196d958a89d4b408abe64f
  debug (1.11.0) sha256=1425db64cfa0130c952684e3dc974985be201dd62899bf4bbe3f8b5d6cf1aef2
  drb (2.2.1) sha256=e9d472bf785f558b96b25358bae115646da0dbfd45107ad858b0bc0d935cb340
  erb (4.0.4) sha256=de116e106205c46bc01918789b611aaad1328dcc6e9f12cf8cd2cc60ef619717
  fast_trie (0.5.1) sha256=7710cac26f7413f3860d18ba1592026ff7a792eacbf7d720cf5a8f43a511b521
  faster_prime (1.0.2) sha256=78da3a4ae5fad9b685daf1dfc6e7f0e6013c33b84cf69a11bb6357de921d3ad6
  ffi (1.17.2-aarch64-linux-gnu) sha256=c910bd3cae70b76690418cce4572b7f6c208d271f323d692a067d59116211a1a
  ffi (1.17.2-aarch64-linux-musl) sha256=69e6556b091d45df83e6c3b19d3c54177c206910965155a6ec98de5e893c7b7c
  ffi (1.17.2-arm64-darwin) sha256=54dd9789be1d30157782b8de42d8f887a3c3c345293b57ffb6b45b4d1165f813
  ffi (1.17.2-x86_64-darwin) sha256=981f2d4e32ea03712beb26e55e972797c2c5a7b0257955d8667ba58f2da6440e
  ffi (1.17.2-x86_64-linux-gnu) sha256=05d2026fc9dbb7cfd21a5934559f16293815b7ce0314846fee2ac8efbdb823ea
  ffi (1.17.2-x86_64-linux-musl) sha256=97c0eb3981414309285a64dc4d466bd149e981c279a56371ef811395d68cb95c
  ffi-geos (2.5.0) sha256=ba8f0c3729a0f1f4eb17ac4408803db0f7ac7558d97b7e024f4484210a97477e
  forwardable (1.3.3) sha256=f17df4bd6afa6f46a003217023fe5716ef88ce261f5c4cf0edbdeed6470cafac
  function_module (0.1.1) sha256=356dd3e44d22f1fabba2501093c123c438ffa7a5696e8b2476213b52e1ca93ce
  getoptlong (0.2.1) sha256=fd23f07397b994bf9310d4531cfdb4332629a9b8e8c9c457c32b7edf5bf21ba5
  immutable-ruby (0.2.0) sha256=1ab896e0d9c8c3fe21ddc3dd29be87511da2f6b0970c5a1c36838a9a4a4605e7
  io-console (0.8.1) sha256=1e15440a6b2f67b6ea496df7c474ed62c860ad11237f29b3bd187f054b925fcb
  ipaddr (1.2.7) sha256=cb7f4087fdbf14bcedc23ac471b8ac521648b3a5b4b5be3a4378066636e6af72
  irb (1.14.3) sha256=c457f1f2f1438ae9ce5c5be3981ae2138dec7fb894c7d73777eeeb0a6c0d0752
  lbfgsb (0.6.0) sha256=8d604c9c7ca181e10a0cd23a8d925fd0e53c7d74b6a42497b7ceae03d72d21d7
  lightgbm (0.4.3) sha256=3b9f43e87c827c1137ddc2f23b7995b046fd90d75ebf3eb86f4828191e4dd317
  logger (1.6.4) sha256=b627b91c922231050932e7bf8ee886fe54790ba2238a468ead52ba21911f2ee7
  matrix (0.4.2) sha256=71083ccbd67a14a43bfa78d3e4dc0f4b503b9cc18e5b4b1d686dc0f9ef7c4cc0
  minitest (5.25.4) sha256=9cf2cae25ac4dfc90c988ebc3b917f53c054978b673273da1bd20bcb0778f947
  mmh3 (1.2.0) sha256=ecbba0cfdf490d097ab5cb576f74c96a201ae6a5de61395ab383e5530b2bd207
  mutex_m (0.3.0) sha256=cfcb04ac16b69c4813777022fdceda24e9f798e48092a2b817eb4c0a782b0751
  net-ftp (0.3.8) sha256=28d63e407a7edb9739c320a4faaec515e43e963815248d06418aba322478874f
  net-imap (0.5.8) sha256=52aa5fdfc1a8a3df1f793b20a327e95b5a9dfe1d733e1f0d53075d2dbcfcf593
  net-pop (0.1.2) sha256=848b4e982013c15b2f0382792268763b748cce91c9e91e36b0f27ed26420dff3
  net-protocol (0.2.2) sha256=aa73e0cba6a125369de9837b8d8ef82a61849360eba0521900e2c3713aa162a8
  net-smtp (0.5.1) sha256=ed96a0af63c524fceb4b29b0d352195c30d82dd916a42f03c62a3a70e5b70736
  nkf (0.2.0) sha256=fbc151bda025451f627fafdfcb3f4f13d0b22ae11f58c6d3a2939c76c5f5f126
  numo-linalg (0.1.7) sha256=bf5faa48b682b707535a11ce8e10e8b74896aa61497e0d3b1f73a22c3455301b
  numo-narray (0.9.2.1) sha256=eed76b47eebe1288ffd878b387f1882f4863d8e6ab5dd61453768139e14adceb
  numo-openblas (0.5.1) sha256=a3f332f421b814ec9584429c64f69e0670ccb95e1abb32e6979b6f45afce4c23
  observer (0.1.2) sha256=d8a3107131ba661138d748e7be3dbafc0d82e732fffba9fccb3d7829880950ac
  or-tools (0.16.0) sha256=50683941f26910a6bdd153c7a9b6ce9f7764a44714ca0204f485713011dc2067
  pairing_heap (3.1.0) sha256=f217d82a594457bb1ca6838fc1632e25054f8e0efedc05ae6556b151f8c53315
  polars-df (0.21.1-aarch64-linux) sha256=119823d4e01c4e5f94e3b7291c5829aaec1783586e5834387b9b53c0f08b173a
  polars-df (0.21.1-aarch64-linux-musl) sha256=5384b38ee223ed6ad43b5b087645802b73744c20293f1e874209c2d27b572c8b
  polars-df (0.21.1-arm64-darwin) sha256=385f4ac711c934f9476d4512a0e7af94593c60aacfaeb77b766f4ab66450b0f0
  polars-df (0.21.1-x86_64-darwin) sha256=b143b93baf3522510ee137cd4d8249e053915b927000e80ac70158e50c546902
  polars-df (0.21.1-x86_64-linux) sha256=d5cab2d9b15e04bd7753b3bcdcdd8b0dc858c02913f77c36a9f9b28ae3ae29c3
  polars-df (0.21.1-x86_64-linux-musl) sha256=375b50caf2e398254b2e5aa57fca4d410c36e137d786d302cdbfb24ef39338ae
  power_assert (2.0.5) sha256=63b511b85bb8ea57336d25156864498644f5bbf028699ceda27949e0125bc323
  pp (0.6.2) sha256=947ec3120c6f92195f8ee8aa25a7b2c5297bb106d83b41baa02983686577b6ff
  prettyprint (0.2.0) sha256=2bc9e15581a94742064a3cc8b0fb9d45aae3d03a1baa6ef80922627a0766f193
  prime (0.1.3) sha256=baf031c50d6ce923594913befc8ac86a3251bffb9d6a5e8b03687962054e53e3
  prism (1.2.0) sha256=24ff9cd3232346e68052659f14c9a618022ea98935f774df465206aba5c06d2f
  psych (5.2.2) sha256=a4a9477c85d3e858086c38cf64e7096abe40d1b1eed248b01020dec0ff9906ab
  racc (1.8.1) sha256=4a7f6929691dbec8b5209a0b373bc2614882b55fc5d2e447a21aaa691303d62f
  rake (13.2.1) sha256=46cb38dae65d7d74b6020a4ac9d48afed8eb8149c040eccf0523bec91907059d
  rbs (3.8.0) sha256=466b49836beddf32771099fbb4acdacb174e7d88b047dbabb2480e81d55ccfb4
  rbtree (0.4.6) sha256=14eea4469b24fd2472542e5f3eb105d6344c8ccf36f0b56d55fdcfeb4e0f10fc
  rdoc (6.14.0) sha256=2c46de58d7129b8743fcf6d76e3db971bdc914150e15ac06b386549bd82ed7db
  reline (0.6.0) sha256=57620375dcbe56ec09bac7192bfb7460c716bbf0054dc94345ecaa5438e539d2
  repl_type_completor (0.1.9) sha256=36084d114be2a42b6bcee558f74268226268e012b33bb87fa694222307169369
  resolv (0.6.2) sha256=61efe545cedddeb1b14f77e51f85c85ca66af5098fdbf567fadf32c34590fb14
  resolv-replace (0.1.1) sha256=473519b05a0189452034f950f0e0af7fa745b2657ab3db85402953ac6beb688f
  rexml (3.4.0) sha256=efbea1efba7fa151158e0ee1e643525834da2d8eb4cf744aa68f6480bc9804b2
  rgl (0.6.6) sha256=2611d75509bcf31be2955c0a14b063c7a198dabba3e95b6a67c8653bd30c5136
  rice (4.6.1) sha256=aeee1ccc8f918498245161e03e7fbd14341ad04126565ae8de784c444bac477d
  rinda (0.2.0) sha256=bb4566af73c9b78e80bc41202140860e33150ee2a0eacdf6dfe583e1aa0b03fa
  rss (0.3.1) sha256=b46234c04551b925180f8bedfc6f6045bf2d9998417feda72f300e7980226737
  rumale (1.0.0) sha256=589102aeec59223b76fb2fcd14bb4c0f8ddb70c355f8086aebd6017d888c2205
  rumale-clustering (1.0.0) sha256=b605b14ba0501c651d4eb2b62ec82fa616021301d02a868a6e813ba10498721c
  rumale-core (1.0.0) sha256=672abc2e444f5140cf2fac6bec61ddce03be218ff83be227249ab91d98fec6e2
  rumale-decomposition (1.0.0) sha256=37c41b5293f056e4eac82145de08ee48bd8ba42f20a72e3236f18cf305b3ee98
  rumale-ensemble (1.0.0) sha256=3d59405ff5ef9a10d74e4be5c0598018ba6c6a8dcc1ccd310187560de4e0176b
  rumale-evaluation_measure (1.0.0) sha256=a6777ee56733f9425f3b4f9fd051cbc0b02a20813511e5a7f4176306c08cafb6
  rumale-feature_extraction (1.0.0) sha256=6c608d9bd98b1defbe8281f1968c7fa2421c1d3b287e6daa97d5a28e08eff254
  rumale-kernel_approximation (1.0.0) sha256=fb5a7d1c129fa290df2f97c1dfe962419df774734a56d4970e77fc4734a6f919
  rumale-kernel_machine (1.0.0) sha256=31a441896c0c636a747ea7c7b03d17d0288bfae958a5c133cb2b8ddd8603bb95
  rumale-linear_model (1.0.0) sha256=5fefe137d52dbbe3391039f6ee2edde2b84ac4eb4526ed950feb9728b6cef02a
  rumale-manifold (1.0.0) sha256=0ecc58c0ca4ed33f39bc830091a85059c14f876952d483ef5ea1bde57346bd9c
  rumale-metric_learning (1.0.0) sha256=98f32581330f49dacd459a016a20ed57445caf3138dd91951c48a747d954a98d
  rumale-model_selection (1.0.0) sha256=a404cda081bbf825775f6237297cccaa411bf0d3c75fa3f32c055ae6c18e158a
  rumale-naive_bayes (1.0.0) sha256=46405fb666758c806a3a87eea2349490f32b7bbca6927f42cc4c53616c8f88e3
  rumale-nearest_neighbors (1.0.0) sha256=0d1395ff1593feeb00cb79b11c5f5c371a6ffdca46f8748f8acbec813dc80b8d
  rumale-neural_network (1.0.0) sha256=321e03c14f1e6dd0689e1e802357616ddf78b0e14fa4cba968a3bd40a90a7f83
  rumale-pipeline (1.0.0) sha256=ab33128dc339517f785b67e09691d8e2593ac507660f6f9f8e9dc7eba4fed774
  rumale-preprocessing (1.0.0) sha256=47fc540fac6a6ce22abe898a499a9261d6456bf7c439564c1fafdf4690bef575
  rumale-tree (1.0.0) sha256=19933b50ae9b4d55e455f15a9b93e117e6f6f45c937e87a8e0108aa36f7a0a5b
  set (1.1.1) sha256=6c7ac6c06d5907216395a4d5dae3ffe52ca5ee8a372befe6d4dea794383f98f0
  singleton (0.3.0) sha256=83ea1bca5f4aa34d00305ab842a7862ea5a8a11c73d362cb52379d94e9615778
  sorted_containers (1.1.0) sha256=9928f6fbaf6d3cc1d0f8116df823d2f4e01ea6506839baa7029233c40039141c
  sorted_set (1.0.3) sha256=4f2b8bee6e8c59cbd296228c0f1f81679357177a8b6859dcc2a99e86cce6372f
  stream (0.5.5) sha256=62b3330330de6907e5a1fd0557dc3ef45fc27e48dac6f2502341de1dd04ed504
  stringio (3.1.2) sha256=204f1828f85cdb39d57cac4abc6dc44b04505a223f131587f2e20ae3729ba131
  syslog (0.2.0) sha256=ce1e4e0551d5a058ca5b6d37a6c55645a57beb27b31f4dd623e81290249feba9
  test-unit (3.6.7) sha256=c342bb9f7334ea84a361b43c20b063f405c0bf3c7dbe3ff38f61a91661d29221
  time (0.4.1) sha256=035f360508a4a4dbabcbbcd3886566b9abd432de89136795d2ff7aec5bcdea61
  timeout (0.4.3) sha256=9509f079b2b55fe4236d79633bd75e34c1c1e7e3fb4b56cb5fda61f80a0fe30e
  torch-rb (0.21.0) sha256=7d55e982e4c145a3f452e7ce9875db240ddb85c90024c5d2268d21ec9cbea410
  tsort (0.2.0) sha256=9650a793f6859a43b6641671278f79cfead60ac714148aabe4e3f0060480089f
  typeprof (0.30.1) sha256=32ff72dab03050d8e7cb7a7dae035a9939f8bf12827cb194ab7dbda761030e75
  z3 (0.0.20230311) sha256=bb2a8c38a8d50522b1e7762ccff7d31c2ed2fe15151895c828c68df78b62d79a

RUBY VERSION
   ruby 3.4.5p51

BUNDLED WITH
   2.6.9
